{
	"name": "jsdoc-boilerplate",
	"version": "1.0.0",
	"lockfileVersion": 2,
	"requires": true,
	"packages": {
		"": {
			"name": "jsdoc-boilerplate",
			"version": "1.0.0",
			"devDependencies": {
				"jsdoc": "^3.6.11"
			}
		},
		"node_modules/@babel/parser": {
			"version": "7.18.13",
			"dev": true,
			"license": "MIT",
			"bin": {
				"parser": "bin/babel-parser.js"
			},
			"engines": {
				"node": ">=6.0.0"
			}
		},
		"node_modules/@types/linkify-it": {
			"version": "3.0.2",
			"dev": true,
			"license": "MIT"
		},
		"node_modules/@types/markdown-it": {
			"version": "12.2.3",
			"dev": true,
			"license": "MIT",
			"dependencies": {
				"@types/linkify-it": "*",
				"@types/mdurl": "*"
			}
		},
		"node_modules/@types/mdurl": {
			"version": "1.0.2",
			"dev": true,
			"license": "MIT"
		},
		"node_modules/argparse": {
			"version": "2.0.1",
			"dev": true,
			"license": "Python-2.0"
		},
		"node_modules/bluebird": {
			"version": "3.7.2",
			"dev": true,
			"license": "MIT"
		},
		"node_modules/catharsis": {
			"version": "0.9.0",
			"dev": true,
			"license": "MIT",
			"dependencies": {
				"lodash": "^4.17.15"
			},
			"engines": {
				"node": ">= 10"
			}
		},
		"node_modules/entities": {
			"version": "2.1.0",
			"dev": true,
			"license": "BSD-2-Clause",
			"funding": {
				"url": "https://github.com/fb55/entities?sponsor=1"
			}
		},
		"node_modules/escape-string-regexp": {
			"version": "2.0.0",
			"dev": true,
			"license": "MIT",
			"engines": {
				"node": ">=8"
			}
		},
		"node_modules/graceful-fs": {
			"version": "4.2.10",
			"dev": true,
			"license": "ISC"
		},
		"node_modules/js2xmlparser": {
			"version": "4.0.2",
			"dev": true,
			"license": "Apache-2.0",
			"dependencies": {
				"xmlcreate": "^2.0.4"
			}
		},
		"node_modules/jsdoc": {
			"version": "3.6.11",
			"resolved": "https://registry.npmjs.org/jsdoc/-/jsdoc-3.6.11.tgz",
			"integrity": "sha512-8UCU0TYeIYD9KeLzEcAu2q8N/mx9O3phAGl32nmHlE0LpaJL71mMkP4d+QE5zWfNt50qheHtOZ0qoxVrsX5TUg==",
			"dev": true,
			"dependencies": {
				"@babel/parser": "^7.9.4",
				"@types/markdown-it": "^12.2.3",
				"bluebird": "^3.7.2",
				"catharsis": "^0.9.0",
				"escape-string-regexp": "^2.0.0",
				"js2xmlparser": "^4.0.2",
				"klaw": "^3.0.0",
				"markdown-it": "^12.3.2",
				"markdown-it-anchor": "^8.4.1",
				"marked": "^4.0.10",
				"mkdirp": "^1.0.4",
				"requizzle": "^0.2.3",
				"strip-json-comments": "^3.1.0",
				"taffydb": "2.6.2",
				"underscore": "~1.13.2"
			},
			"bin": {
				"jsdoc": "jsdoc.js"
			},
			"engines": {
				"node": ">=12.0.0"
			}
		},
		"node_modules/klaw": {
			"version": "3.0.0",
			"dev": true,
			"license": "MIT",
			"dependencies": {
				"graceful-fs": "^4.1.9"
			}
		},
		"node_modules/linkify-it": {
			"version": "3.0.3",
			"dev": true,
			"license": "MIT",
			"dependencies": {
				"uc.micro": "^1.0.1"
			}
		},
		"node_modules/lodash": {
			"version": "4.17.21",
			"dev": true,
			"license": "MIT"
		},
		"node_modules/markdown-it": {
			"version": "12.3.2",
			"dev": true,
			"license": "MIT",
			"dependencies": {
				"argparse": "^2.0.1",
				"entities": "~2.1.0",
				"linkify-it": "^3.0.1",
				"mdurl": "^1.0.1",
				"uc.micro": "^1.0.5"
			},
			"bin": {
				"markdown-it": "bin/markdown-it.js"
			}
		},
		"node_modules/markdown-it-anchor": {
			"version": "8.6.4",
			"dev": true,
			"license": "Unlicense",
			"peerDependencies": {
				"@types/markdown-it": "*",
				"markdown-it": "*"
			}
		},
		"node_modules/marked": {
			"version": "4.0.19",
			"dev": true,
			"license": "MIT",
			"bin": {
				"marked": "bin/marked.js"
			},
			"engines": {
				"node": ">= 12"
			}
		},
		"node_modules/mdurl": {
			"version": "1.0.1",
			"dev": true,
			"license": "MIT"
		},
		"node_modules/mkdirp": {
			"version": "1.0.4",
			"dev": true,
			"license": "MIT",
			"bin": {
				"mkdirp": "bin/cmd.js"
			},
			"engines": {
				"node": ">=10"
			}
		},
		"node_modules/requizzle": {
			"version": "0.2.3",
			"dev": true,
			"license": "MIT",
			"dependencies": {
				"lodash": "^4.17.14"
			}
		},
		"node_modules/strip-json-comments": {
			"version": "3.1.1",
			"dev": true,
			"license": "MIT",
			"engines": {
				"node": ">=8"
			},
			"funding": {
				"url": "https://github.com/sponsors/sindresorhus"
			}
		},
		"node_modules/taffydb": {
			"version": "2.6.2",
			"dev": true
		},
		"node_modules/uc.micro": {
			"version": "1.0.6",
			"dev": true,
			"license": "MIT"
		},
		"node_modules/underscore": {
			"version": "1.13.4",
			"dev": true,
			"license": "MIT"
		},
		"node_modules/xmlcreate": {
			"version": "2.0.4",
			"dev": true,
			"license": "Apache-2.0"
		}
	},
	"dependencies": {
		"@babel/parser": {
			"version": "7.18.13",
			"dev": true
		},
		"@types/linkify-it": {
			"version": "3.0.2",
			"dev": true
		},
		"@types/markdown-it": {
			"version": "12.2.3",
			"dev": true,
			"requires": {
				"@types/linkify-it": "*",
				"@types/mdurl": "*"
			}
		},
		"@types/mdurl": {
			"version": "1.0.2",
			"dev": true
		},
		"argparse": {
			"version": "2.0.1",
			"dev": true
		},
		"bluebird": {
			"version": "3.7.2",
			"dev": true
		},
		"catharsis": {
			"version": "0.9.0",
			"dev": true,
			"requires": {
				"lodash": "^4.17.15"
			}
		},
		"entities": {
			"version": "2.1.0",
			"dev": true
		},
		"escape-string-regexp": {
			"version": "2.0.0",
			"dev": true
		},
		"graceful-fs": {
			"version": "4.2.10",
			"dev": true
		},
		"js2xmlparser": {
			"version": "4.0.2",
			"dev": true,
			"requires": {
				"xmlcreate": "^2.0.4"
			}
		},
		"jsdoc": {
			"version": "3.6.11",
			"resolved": "https://registry.npmjs.org/jsdoc/-/jsdoc-3.6.11.tgz",
			"integrity": "sha512-8UCU0TYeIYD9KeLzEcAu2q8N/mx9O3phAGl32nmHlE0LpaJL71mMkP4d+QE5zWfNt50qheHtOZ0qoxVrsX5TUg==",
			"dev": true,
			"requires": {
				"@babel/parser": "^7.9.4",
				"@types/markdown-it": "^12.2.3",
				"bluebird": "^3.7.2",
				"catharsis": "^0.9.0",
				"escape-string-regexp": "^2.0.0",
				"js2xmlparser": "^4.0.2",
				"klaw": "^3.0.0",
				"markdown-it": "^12.3.2",
				"markdown-it-anchor": "^8.4.1",
				"marked": "^4.0.10",
				"mkdirp": "^1.0.4",
				"requizzle": "^0.2.3",
				"strip-json-comments": "^3.1.0",
				"taffydb": "2.6.2",
				"underscore": "~1.13.2"
			}
		},
		"klaw": {
			"version": "3.0.0",
			"dev": true,
			"requires": {
				"graceful-fs": "^4.1.9"
			}
		},
		"linkify-it": {
			"version": "3.0.3",
			"dev": true,
			"requires": {
				"uc.micro": "^1.0.1"
			}
		},
		"lodash": {
			"version": "4.17.21",
			"dev": true
		},
		"markdown-it": {
			"version": "12.3.2",
			"dev": true,
			"requires": {
				"argparse": "^2.0.1",
				"entities": "~2.1.0",
				"linkify-it": "^3.0.1",
				"mdurl": "^1.0.1",
				"uc.micro": "^1.0.5"
			}
		},
		"markdown-it-anchor": {
			"version": "8.6.4",
			"dev": true
		},
		"marked": {
			"version": "4.0.19",
			"dev": true
		},
		"mdurl": {
			"version": "1.0.1",
			"dev": true
		},
		"mkdirp": {
			"version": "1.0.4",
			"dev": true
		},
		"requizzle": {
			"version": "0.2.3",
			"dev": true,
			"requires": {
				"lodash": "^4.17.14"
			}
		},
		"strip-json-comments": {
			"version": "3.1.1",
			"dev": true
		},
		"taffydb": {
			"version": "2.6.2",
			"dev": true
		},
		"uc.micro": {
			"version": "1.0.6",
			"dev": true
		},
		"underscore": {
			"version": "1.13.4",
			"dev": true
		},
		"xmlcreate": {
			"version": "2.0.4",
			"dev": true
		}
	}
}
